
Microsoft Visual Studio Solution File, Format Version 12.00
# Visual Studio Version 17
VisualStudioVersion = 17.5.002.0
MinimumVisualStudioVersion = 10.0.40219.1
Project("{2150E333-8FDC-42A3-9474-1A3956D46DE8}") = "csharp-prep", "csharp-prep", "{264EA6D1-B3EA-4EAD-9B18-FBA7F4DC9C10}"
EndProject
Project("{9A19103F-16F7-4668-BE54-9A1E7A4F7556}") = "Prep1", "csharp-prep\Prep1\Prep1.csproj", "{144ECE00-179F-4C6C-B8F5-3EFA0EEBF9D5}"
EndProject
Project("{9A19103F-16F7-4668-BE54-9A1E7A4F7556}") = "Prep2", "csharp-prep\Prep2\Prep2.csproj", "{4EDA0187-0703-447A-B21A-4C14C50C1F02}"
EndProject
Project("{9A19103F-16F7-4668-BE54-9A1E7A4F7556}") = "Prep3", "csharp-prep\Prep3\Prep3.csproj", "{7B679ED7-C18C-473A-ADA1-8C4F9951C8DF}"
EndProject
Project("{9A19103F-16F7-4668-BE54-9A1E7A4F7556}") = "Prep4", "csharp-prep\Prep4\Prep4.csproj", "{1EAD4276-2182-49D1-B90A-86EF774C00F1}"
EndProject
Project("{9A19103F-16F7-4668-BE54-9A1E7A4F7556}") = "Prep5", "csharp-prep\Prep5\Prep5.csproj", "{D7825EA1-940A-4FF4-932E-A814FCD59168}"
EndProject
Project("{2150E333-8FDC-42A3-9474-1A3956D46DE8}") = "final", "final", "{3489BBE8-E752-40D0-882D-B3696AD673D1}"
EndProject
Project("{9A19103F-16F7-4668-BE54-9A1E7A4F7556}") = "FinalProject", "final\FinalProject\FinalProject.csproj", "{636F3FE6-21A4-405B-9026-1B5E5F8286DA}"
EndProject
Project("{9A19103F-16F7-4668-BE54-9A1E7A4F7556}") = "Foundation1", "final\Foundation1\Foundation1.csproj", "{7287B406-500F-42BE-9CFF-16051052A789}"
EndProject
Project("{9A19103F-16F7-4668-BE54-9A1E7A4F7556}") = "Foundation2", "final\Foundation2\Foundation2.csproj", "{4C6CAC8E-559C-4D60-8EDF-A579EB34F421}"
EndProject
Project("{9A19103F-16F7-4668-BE54-9A1E7A4F7556}") = "Foundation3", "final\Foundation3\Foundation3.csproj", "{5CE58034-B084-47DA-A9C4-B61C9389DA1C}"
EndProject
Project("{9A19103F-16F7-4668-BE54-9A1E7A4F7556}") = "Foundation4", "final\Foundation4\Foundation4.csproj", "{1D71123F-83C3-45AA-A74F-E55D35C0315E}"
EndProject
Project("{2150E333-8FDC-42A3-9474-1A3956D46DE8}") = "prepare", "prepare", "{36C641B6-2FE6-4C30-9666-A5188BB32071}"
EndProject
Project("{9A19103F-16F7-4668-BE54-9A1E7A4F7556}") = "Learning02", "prepare\Learning02\Learning02.csproj", "{12723076-2BFA-4E5B-A9FF-FC8D08AA9A67}"
EndProject
Project("{9A19103F-16F7-4668-BE54-9A1E7A4F7556}") = "Learning03", "prepare\Learning03\Learning03.csproj", "{4A5FB7C4-157C-4E9E-BC43-058078CFE6DC}"
EndProject
Project("{9A19103F-16F7-4668-BE54-9A1E7A4F7556}") = "Learning04", "prepare\Learning04\Learning04.csproj", "{C388B005-B818-4167-A7A1-085F0B54298A}"
EndProject
Project("{9A19103F-16F7-4668-BE54-9A1E7A4F7556}") = "Learning05", "prepare\Learning05\Learning05.csproj", "{8732E2DD-0670-4D12-AAF5-11082E307485}"
EndProject
Project("{2150E333-8FDC-42A3-9474-1A3956D46DE8}") = "prove", "prove", "{13D1AC86-8703-4056-BA7E-25DA9635BA32}"
EndProject
Project("{9A19103F-16F7-4668-BE54-9A1E7A4F7556}") = "Develop02", "prove\Develop02\Develop02.csproj", "{A6B246F9-37C9-4C80-ADB0-84F4FD9D78EB}"
EndProject
Project("{9A19103F-16F7-4668-BE54-9A1E7A4F7556}") = "Develop03", "prove\Develop03\Develop03.csproj", "{66D9B4E0-C496-4A17-B739-BBF31A57A321}"
EndProject
Project("{9A19103F-16F7-4668-BE54-9A1E7A4F7556}") = "Develop04", "prove\Develop04\Develop04.csproj", "{35E3BC0D-BC9F-4E48-8014-770929CEB4EC}"
EndProject
Project("{9A19103F-16F7-4668-BE54-9A1E7A4F7556}") = "Develop05", "prove\Develop05\Develop05.csproj", "{6B1B7C08-E251-4CB6-B911-737D4317661A}"
EndProject
Project("{2150E333-8FDC-42A3-9474-1A3956D46DE8}") = "sandbox", "sandbox", "{1E921B54-D93B-4828-AB6D-3BBCC0AE42CF}"
EndProject
Project("{9A19103F-16F7-4668-BE54-9A1E7A4F7556}") = "Sandbox", "sandbox\Sandbox\Sandbox.csproj", "{13E754BA-286B-4409-9744-E84A2B9E4AAA}"
EndProject
Global
	GlobalSection(SolutionConfigurationPlatforms) = preSolution
		Debug|Any CPU = Debug|Any CPU
		Release|Any CPU = Release|Any CPU
	EndGlobalSection
	GlobalSection(ProjectConfigurationPlatforms) = postSolution
		{144ECE00-179F-4C6C-B8F5-3EFA0EEBF9D5}.Debug|Any CPU.ActiveCfg = Debug|Any CPU
		{144ECE00-179F-4C6C-B8F5-3EFA0EEBF9D5}.Debug|Any CPU.Build.0 = Debug|Any CPU
		{144ECE00-179F-4C6C-B8F5-3EFA0EEBF9D5}.Release|Any CPU.ActiveCfg = Release|Any CPU
		{144ECE00-179F-4C6C-B8F5-3EFA0EEBF9D5}.Release|Any CPU.Build.0 = Release|Any CPU
		{4EDA0187-0703-447A-B21A-4C14C50C1F02}.Debug|Any CPU.ActiveCfg = Debug|Any CPU
		{4EDA0187-0703-447A-B21A-4C14C50C1F02}.Debug|Any CPU.Build.0 = Debug|Any CPU
		{4EDA0187-0703-447A-B21A-4C14C50C1F02}.Release|Any CPU.ActiveCfg = Release|Any CPU
		{4EDA0187-0703-447A-B21A-4C14C50C1F02}.Release|Any CPU.Build.0 = Release|Any CPU
		{7B679ED7-C18C-473A-ADA1-8C4F9951C8DF}.Debug|Any CPU.ActiveCfg = Debug|Any CPU
		{7B679ED7-C18C-473A-ADA1-8C4F9951C8DF}.Debug|Any CPU.Build.0 = Debug|Any CPU
		{7B679ED7-C18C-473A-ADA1-8C4F9951C8DF}.Release|Any CPU.ActiveCfg = Release|Any CPU
		{7B679ED7-C18C-473A-ADA1-8C4F9951C8DF}.Release|Any CPU.Build.0 = Release|Any CPU
		{1EAD4276-2182-49D1-B90A-86EF774C00F1}.Debug|Any CPU.ActiveCfg = Debug|Any CPU
		{1EAD4276-2182-49D1-B90A-86EF774C00F1}.Debug|Any CPU.Build.0 = Debug|Any CPU
		{1EAD4276-2182-49D1-B90A-86EF774C00F1}.Release|Any CPU.ActiveCfg = Release|Any CPU
		{1EAD4276-2182-49D1-B90A-86EF774C00F1}.Release|Any CPU.Build.0 = Release|Any CPU
		{D7825EA1-940A-4FF4-932E-A814FCD59168}.Debug|Any CPU.ActiveCfg = Debug|Any CPU
		{D7825EA1-940A-4FF4-932E-A814FCD59168}.Debug|Any CPU.Build.0 = Debug|Any CPU
		{D7825EA1-940A-4FF4-932E-A814FCD59168}.Release|Any CPU.ActiveCfg = Release|Any CPU
		{D7825EA1-940A-4FF4-932E-A814FCD59168}.Release|Any CPU.Build.0 = Release|Any CPU
		{636F3FE6-21A4-405B-9026-1B5E5F8286DA}.Debug|Any CPU.ActiveCfg = Debug|Any CPU
		{636F3FE6-21A4-405B-9026-1B5E5F8286DA}.Debug|Any CPU.Build.0 = Debug|Any CPU
		{636F3FE6-21A4-405B-9026-1B5E5F8286DA}.Release|Any CPU.ActiveCfg = Release|Any CPU
		{636F3FE6-21A4-405B-9026-1B5E5F8286DA}.Release|Any CPU.Build.0 = Release|Any CPU
		{7287B406-500F-42BE-9CFF-16051052A789}.Debug|Any CPU.ActiveCfg = Debug|Any CPU
		{7287B406-500F-42BE-9CFF-16051052A789}.Debug|Any CPU.Build.0 = Debug|Any CPU
		{7287B406-500F-42BE-9CFF-16051052A789}.Release|Any CPU.ActiveCfg = Release|Any CPU
		{7287B406-500F-42BE-9CFF-16051052A789}.Release|Any CPU.Build.0 = Release|Any CPU
		{4C6CAC8E-559C-4D60-8EDF-A579EB34F421}.Debug|Any CPU.ActiveCfg = Debug|Any CPU
		{4C6CAC8E-559C-4D60-8EDF-A579EB34F421}.Debug|Any CPU.Build.0 = Debug|Any CPU
		{4C6CAC8E-559C-4D60-8EDF-A579EB34F421}.Release|Any CPU.ActiveCfg = Release|Any CPU
		{4C6CAC8E-559C-4D60-8EDF-A579EB34F421}.Release|Any CPU.Build.0 = Release|Any CPU
		{5CE58034-B084-47DA-A9C4-B61C9389DA1C}.Debug|Any CPU.ActiveCfg = Debug|Any CPU
		{5CE58034-B084-47DA-A9C4-B61C9389DA1C}.Debug|Any CPU.Build.0 = Debug|Any CPU
		{5CE58034-B084-47DA-A9C4-B61C9389DA1C}.Release|Any CPU.ActiveCfg = Release|Any CPU
		{5CE58034-B084-47DA-A9C4-B61C9389DA1C}.Release|Any CPU.Build.0 = Release|Any CPU
		{1D71123F-83C3-45AA-A74F-E55D35C0315E}.Debug|Any CPU.ActiveCfg = Debug|Any CPU
		{1D71123F-83C3-45AA-A74F-E55D35C0315E}.Debug|Any CPU.Build.0 = Debug|Any CPU
		{1D71123F-83C3-45AA-A74F-E55D35C0315E}.Release|Any CPU.ActiveCfg = Release|Any CPU
		{1D71123F-83C3-45AA-A74F-E55D35C0315E}.Release|Any CPU.Build.0 = Release|Any CPU
		{12723076-2BFA-4E5B-A9FF-FC8D08AA9A67}.Debug|Any CPU.ActiveCfg = Debug|Any CPU
		{12723076-2BFA-4E5B-A9FF-FC8D08AA9A67}.Debug|Any CPU.Build.0 = Debug|Any CPU
		{12723076-2BFA-4E5B-A9FF-FC8D08AA9A67}.Release|Any CPU.ActiveCfg = Release|Any CPU
		{12723076-2BFA-4E5B-A9FF-FC8D08AA9A67}.Release|Any CPU.Build.0 = Release|Any CPU
		{4A5FB7C4-157C-4E9E-BC43-058078CFE6DC}.Debug|Any CPU.ActiveCfg = Debug|Any CPU
		{4A5FB7C4-157C-4E9E-BC43-058078CFE6DC}.Debug|Any CPU.Build.0 = Debug|Any CPU
		{4A5FB7C4-157C-4E9E-BC43-058078CFE6DC}.Release|Any CPU.ActiveCfg = Release|Any CPU
		{4A5FB7C4-157C-4E9E-BC43-058078CFE6DC}.Release|Any CPU.Build.0 = Release|Any CPU
		{C388B005-B818-4167-A7A1-085F0B54298A}.Debug|Any CPU.ActiveCfg = Debug|Any CPU
		{C388B005-B818-4167-A7A1-085F0B54298A}.Debug|Any CPU.Build.0 = Debug|Any CPU
		{C388B005-B818-4167-A7A1-085F0B54298A}.Release|Any CPU.ActiveCfg = Release|Any CPU
		{C388B005-B818-4167-A7A1-085F0B54298A}.Release|Any CPU.Build.0 = Release|Any CPU
		{8732E2DD-0670-4D12-AAF5-11082E307485}.Debug|Any CPU.ActiveCfg = Debug|Any CPU
		{8732E2DD-0670-4D12-AAF5-11082E307485}.Debug|Any CPU.Build.0 = Debug|Any CPU
		{8732E2DD-0670-4D12-AAF5-11082E307485}.Release|Any CPU.ActiveCfg = Release|Any CPU
		{8732E2DD-0670-4D12-AAF5-11082E307485}.Release|Any CPU.Build.0 = Release|Any CPU
		{A6B246F9-37C9-4C80-ADB0-84F4FD9D78EB}.Debug|Any CPU.ActiveCfg = Debug|Any CPU
		{A6B246F9-37C9-4C80-ADB0-84F4FD9D78EB}.Debug|Any CPU.Build.0 = Debug|Any CPU
		{A6B246F9-37C9-4C80-ADB0-84F4FD9D78EB}.Release|Any CPU.ActiveCfg = Release|Any CPU
		{A6B246F9-37C9-4C80-ADB0-84F4FD9D78EB}.Release|Any CPU.Build.0 = Release|Any CPU
		{66D9B4E0-C496-4A17-B739-BBF31A57A321}.Debug|Any CPU.ActiveCfg = Debug|Any CPU
		{66D9B4E0-C496-4A17-B739-BBF31A57A321}.Debug|Any CPU.Build.0 = Debug|Any CPU
		{66D9B4E0-C496-4A17-B739-BBF31A57A321}.Release|Any CPU.ActiveCfg = Release|Any CPU
		{66D9B4E0-C496-4A17-B739-BBF31A57A321}.Release|Any CPU.Build.0 = Release|Any CPU
		{35E3BC0D-BC9F-4E48-8014-770929CEB4EC}.Debug|Any CPU.ActiveCfg = Debug|Any CPU
		{35E3BC0D-BC9F-4E48-8014-770929CEB4EC}.Debug|Any CPU.Build.0 = Debug|Any CPU
		{35E3BC0D-BC9F-4E48-8014-770929CEB4EC}.Release|Any CPU.ActiveCfg = Release|Any CPU
		{35E3BC0D-BC9F-4E48-8014-770929CEB4EC}.Release|Any CPU.Build.0 = Release|Any CPU
		{6B1B7C08-E251-4CB6-B911-737D4317661A}.Debug|Any CPU.ActiveCfg = Debug|Any CPU
		{6B1B7C08-E251-4CB6-B911-737D4317661A}.Debug|Any CPU.Build.0 = Debug|Any CPU
		{6B1B7C08-E251-4CB6-B911-737D4317661A}.Release|Any CPU.ActiveCfg = Release|Any CPU
		{6B1B7C08-E251-4CB6-B911-737D4317661A}.Release|Any CPU.Build.0 = Release|Any CPU
		{13E754BA-286B-4409-9744-E84A2B9E4AAA}.Debug|Any CPU.ActiveCfg = Debug|Any CPU
		{13E754BA-286B-4409-9744-E84A2B9E4AAA}.Debug|Any CPU.Build.0 = Debug|Any CPU
		{13E754BA-286B-4409-9744-E84A2B9E4AAA}.Release|Any CPU.ActiveCfg = Release|Any CPU
		{13E754BA-286B-4409-9744-E84A2B9E4AAA}.Release|Any CPU.Build.0 = Release|Any CPU
	EndGlobalSection
	GlobalSection(SolutionProperties) = preSolution
		HideSolutionNode = FALSE
	EndGlobalSection
	GlobalSection(NestedProjects) = preSolution
		{144ECE00-179F-4C6C-B8F5-3EFA0EEBF9D5} = {264EA6D1-B3EA-4EAD-9B18-FBA7F4DC9C10}
		{4EDA0187-0703-447A-B21A-4C14C50C1F02} = {264EA6D1-B3EA-4EAD-9B18-FBA7F4DC9C10}
		{7B679ED7-C18C-473A-ADA1-8C4F9951C8DF} = {264EA6D1-B3EA-4EAD-9B18-FBA7F4DC9C10}
		{1EAD4276-2182-49D1-B90A-86EF774C00F1} = {264EA6D1-B3EA-4EAD-9B18-FBA7F4DC9C10}
		{D7825EA1-940A-4FF4-932E-A814FCD59168} = {264EA6D1-B3EA-4EAD-9B18-FBA7F4DC9C10}
		{636F3FE6-21A4-405B-9026-1B5E5F8286DA} = {3489BBE8-E752-40D0-882D-B3696AD673D1}
		{7287B406-500F-42BE-9CFF-16051052A789} = {3489BBE8-E752-40D0-882D-B3696AD673D1}
		{4C6CAC8E-559C-4D60-8EDF-A579EB34F421} = {3489BBE8-E752-40D0-882D-B3696AD673D1}
		{5CE58034-B084-47DA-A9C4-B61C9389DA1C} = {3489BBE8-E752-40D0-882D-B3696AD673D1}
		{1D71123F-83C3-45AA-A74F-E55D35C0315E} = {3489BBE8-E752-40D0-882D-B3696AD673D1}
		{12723076-2BFA-4E5B-A9FF-FC8D08AA9A67} = {36C641B6-2FE6-4C30-9666-A5188BB32071}
		{4A5FB7C4-157C-4E9E-BC43-058078CFE6DC} = {36C641B6-2FE6-4C30-9666-A5188BB32071}
		{C388B005-B818-4167-A7A1-085F0B54298A} = {36C641B6-2FE6-4C30-9666-A5188BB32071}
		{8732E2DD-0670-4D12-AAF5-11082E307485} = {36C641B6-2FE6-4C30-9666-A5188BB32071}
		{A6B246F9-37C9-4C80-ADB0-84F4FD9D78EB} = {13D1AC86-8703-4056-BA7E-25DA9635BA32}
		{66D9B4E0-C496-4A17-B739-BBF31A57A321} = {13D1AC86-8703-4056-BA7E-25DA9635BA32}
		{35E3BC0D-BC9F-4E48-8014-770929CEB4EC} = {13D1AC86-8703-4056-BA7E-25DA9635BA32}
		{6B1B7C08-E251-4CB6-B911-737D4317661A} = {13D1AC86-8703-4056-BA7E-25DA9635BA32}
		{13E754BA-286B-4409-9744-E84A2B9E4AAA} = {1E921B54-D93B-4828-AB6D-3BBCC0AE42CF}
	EndGlobalSection
	GlobalSection(ExtensibilityGlobals) = postSolution
		SolutionGuid = {40A197FC-054B-41D6-A70E-442F98A95A29}
	EndGlobalSection
EndGlobal
